<?xml version="1.0" encoding="utf-8"?>
<Project ToolsVersion="4.0" xmlns="http://schemas.microsoft.com/developer/msbuild/2003">
  <ItemGroup>
    <Filter Include="Source Files">
      <UniqueIdentifier>{4FC737F1-C7A5-4376-A066-2A32D752A2FF}</UniqueIdentifier>
      <Extensions>cpp;c;cc;cxx;def;odl;idl;hpj;bat;asm;asmx</Extensions>
    </Filter>
    <Filter Include="Header Files">
      <UniqueIdentifier>{93995380-89BD-4b04-88EB-625FBE52EBFB}</UniqueIdentifier>
      <Extensions>h;hh;hpp;hxx;hm;inl;inc;ipp;xsd</Extensions>
    </Filter>
    <Filter Include="Resource Files">
      <UniqueIdentifier>{67DA6AB6-F800-4c08-8B7A-83BB121AAD01}</UniqueIdentifier>
      <Extensions>rc;ico;cur;bmp;dlg;rc2;rct;bin;rgs;gif;jpg;jpeg;jpe;resx;tiff;tif;png;wav;mfcribbon-ms</Extensions>
    </Filter>
    <Filter Include="Header Files\glad">
      <UniqueIdentifier>{63b09b45-d6b7-4f7c-8d36-9a44ea283b1b}</UniqueIdentifier>
    </Filter>
    <Filter Include="Header Files\GLFW">
      <UniqueIdentifier>{616263a9-20b4-4c62-945d-7c77749c6550}</UniqueIdentifier>
    </Filter>
    <Filter Include="Header Files\KHR">
      <UniqueIdentifier>{3bf8c620-e0bb-4a32-8c4d-1ef33abc3f52}</UniqueIdentifier>
    </Filter>
    <Filter Include="Header Files\stb">
      <UniqueIdentifier>{ee101406-56d2-4f2e-9b20-988ef742a7f1}</UniqueIdentifier>
    </Filter>
  </ItemGroup>
  <ItemGroup>
    <ClCompile Include="..\src\main.cc">
      <Filter>Source Files</Filter>
    </ClCompile>
    <ClCompile Include="..\src\glad.c">
      <Filter>Source Files</Filter>
    </ClCompile>
  </ItemGroup>
  <ItemGroup>
    <ClInclude Include="..\include\aabb.h">
      <Filter>Header Files</Filter>
    </ClInclude>
    <ClInclude Include="..\include\aarect.h">
      <Filter>Header Files</Filter>
    </ClInclude>
    <ClInclude Include="..\include\bvh.h">
      <Filter>Header Files</Filter>
    </ClInclude>
    <ClInclude Include="..\include\camera.h">
      <Filter>Header Files</Filter>
    </ClInclude>
    <ClInclude Include="..\include\constant_medium.h">
      <Filter>Header Files</Filter>
    </ClInclude>
    <ClInclude Include="..\include\hittable.h">
      <Filter>Header Files</Filter>
    </ClInclude>
    <ClInclude Include="..\include\hittable_list.h">
      <Filter>Header Files</Filter>
    </ClInclude>
    <ClInclude Include="..\include\INIReader.h">
      <Filter>Header Files</Filter>
    </ClInclude>
    <ClInclude Include="..\include\material.h">
      <Filter>Header Files</Filter>
    </ClInclude>
    <ClInclude Include="..\include\onb.h">
      <Filter>Header Files</Filter>
    </ClInclude>
    <ClInclude Include="..\include\pdf.h">
      <Filter>Header Files</Filter>
    </ClInclude>
    <ClInclude Include="..\include\perlin.h">
      <Filter>Header Files</Filter>
    </ClInclude>
    <ClInclude Include="..\include\ppm.h">
      <Filter>Header Files</Filter>
    </ClInclude>
    <ClInclude Include="..\include\random.h">
      <Filter>Header Files</Filter>
    </ClInclude>
    <ClInclude Include="..\include\ray.h">
      <Filter>Header Files</Filter>
    </ClInclude>
    <ClInclude Include="..\include\settings.h">
      <Filter>Header Files</Filter>
    </ClInclude>
    <ClInclude Include="..\include\sphere.h">
      <Filter>Header Files</Filter>
    </ClInclude>
    <ClInclude Include="..\include\texture.h">
      <Filter>Header Files</Filter>
    </ClInclude>
    <ClInclude Include="..\include\triangle.h">
      <Filter>Header Files</Filter>
    </ClInclude>
    <ClInclude Include="..\include\glad\glad.h">
      <Filter>Header Files\glad</Filter>
    </ClInclude>
    <ClInclude Include="..\include\GLFW\glfw3.h">
      <Filter>Header Files\GLFW</Filter>
    </ClInclude>
    <ClInclude Include="..\include\GLFW\glfw3native.h">
      <Filter>Header Files\GLFW</Filter>
    </ClInclude>
    <ClInclude Include="..\include\KHR\khrplatform.h">
      <Filter>Header Files\KHR</Filter>
    </ClInclude>
    <ClInclude Include="..\include\stb\stb_image.h">
      <Filter>Header Files\stb</Filter>
    </ClInclude>
    <ClInclude Include="..\include\stb\stb_image_write.h">
      <Filter>Header Files\stb</Filter>
    </ClInclude>
    <ClInclude Include="..\include\vec4.h">
      <Filter>Header Files</Filter>
    </ClInclude>
  </ItemGroup>
  <ItemGroup>
    <None Include="..\data\settings.ini">
      <Filter>Resource Files</Filter>
    </None>
  </ItemGroup>
</Project>